// !$*UTF8*$!
{
	archiveVersion = 1;
	classes = {
	};
	objectVersion = 50;
	objects = {

/* Begin PBXBuildFile section */
		BB6FD43822932C7000FAF167 /* AppDelegate.swift in Sources */ = {isa = PBXBuildFile; fileRef = BB6FD43722932C7000FAF167 /* AppDelegate.swift */; };
		BB6FD43A22932C7000FAF167 /* MapViewController.swift in Sources */ = {isa = PBXBuildFile; fileRef = BB6FD43922932C7000FAF167 /* MapViewController.swift */; };
		BB6FD43D22932C7000FAF167 /* Main.storyboard in Resources */ = {isa = PBXBuildFile; fileRef = BB6FD43B22932C7000FAF167 /* Main.storyboard */; };
		BB6FD44022932C7000FAF167 /* Virtual_Tourist.xcdatamodeld in Sources */ = {isa = PBXBuildFile; fileRef = BB6FD43E22932C7000FAF167 /* Virtual_Tourist.xcdatamodeld */; };
		BB6FD44222932C7200FAF167 /* Assets.xcassets in Resources */ = {isa = PBXBuildFile; fileRef = BB6FD44122932C7200FAF167 /* Assets.xcassets */; };
		BB6FD44522932C7200FAF167 /* LaunchScreen.storyboard in Resources */ = {isa = PBXBuildFile; fileRef = BB6FD44322932C7200FAF167 /* LaunchScreen.storyboard */; };
		BB6FD4512293312E00FAF167 /* Constants.swift in Sources */ = {isa = PBXBuildFile; fileRef = BB6FD4502293312E00FAF167 /* Constants.swift */; };
		BB6FD45422939EBC00FAF167 /* DataController.swift in Sources */ = {isa = PBXBuildFile; fileRef = BB6FD45322939EBC00FAF167 /* DataController.swift */; };
		BB6FD4562293BD9C00FAF167 /* PinManager.swift in Sources */ = {isa = PBXBuildFile; fileRef = BB6FD4552293BD9C00FAF167 /* PinManager.swift */; };
		BB6FD4582293C20E00FAF167 /* PinAnnotation.swift in Sources */ = {isa = PBXBuildFile; fileRef = BB6FD4572293C20E00FAF167 /* PinAnnotation.swift */; };
		BB6FD45A22947CE100FAF167 /* AlbumViewController.swift in Sources */ = {isa = PBXBuildFile; fileRef = BB6FD45922947CE100FAF167 /* AlbumViewController.swift */; };
/* End PBXBuildFile section */

/* Begin PBXFileReference section */
		BB6FD43422932C7000FAF167 /* Virtual-Tourist.app */ = {isa = PBXFileReference; explicitFileType = wrapper.application; includeInIndex = 0; path = "Virtual-Tourist.app"; sourceTree = BUILT_PRODUCTS_DIR; };
		BB6FD43722932C7000FAF167 /* AppDelegate.swift */ = {isa = PBXFileReference; lastKnownFileType = sourcecode.swift; path = AppDelegate.swift; sourceTree = "<group>"; };
		BB6FD43922932C7000FAF167 /* MapViewController.swift */ = {isa = PBXFileReference; lastKnownFileType = sourcecode.swift; path = MapViewController.swift; sourceTree = "<group>"; };
		BB6FD43C22932C7000FAF167 /* Base */ = {isa = PBXFileReference; lastKnownFileType = file.storyboard; name = Base; path = Base.lproj/Main.storyboard; sourceTree = "<group>"; };
		BB6FD43F22932C7000FAF167 /* Virtual_Tourist.xcdatamodel */ = {isa = PBXFileReference; lastKnownFileType = wrapper.xcdatamodel; path = Virtual_Tourist.xcdatamodel; sourceTree = "<group>"; };
		BB6FD44122932C7200FAF167 /* Assets.xcassets */ = {isa = PBXFileReference; lastKnownFileType = folder.assetcatalog; path = Assets.xcassets; sourceTree = "<group>"; };
		BB6FD44422932C7200FAF167 /* Base */ = {isa = PBXFileReference; lastKnownFileType = file.storyboard; name = Base; path = Base.lproj/LaunchScreen.storyboard; sourceTree = "<group>"; };
		BB6FD44622932C7200FAF167 /* Info.plist */ = {isa = PBXFileReference; lastKnownFileType = text.plist.xml; path = Info.plist; sourceTree = "<group>"; };
		BB6FD4502293312E00FAF167 /* Constants.swift */ = {isa = PBXFileReference; lastKnownFileType = sourcecode.swift; path = Constants.swift; sourceTree = "<group>"; };
		BB6FD45322939EBC00FAF167 /* DataController.swift */ = {isa = PBXFileReference; lastKnownFileType = sourcecode.swift; path = DataController.swift; sourceTree = "<group>"; };
		BB6FD4552293BD9C00FAF167 /* PinManager.swift */ = {isa = PBXFileReference; lastKnownFileType = sourcecode.swift; path = PinManager.swift; sourceTree = "<group>"; };
		BB6FD4572293C20E00FAF167 /* PinAnnotation.swift */ = {isa = PBXFileReference; lastKnownFileType = sourcecode.swift; path = PinAnnotation.swift; sourceTree = "<group>"; };
		BB6FD45922947CE100FAF167 /* AlbumViewController.swift */ = {isa = PBXFileReference; lastKnownFileType = sourcecode.swift; path = AlbumViewController.swift; sourceTree = "<group>"; };
/* End PBXFileReference section */

/* Begin PBXFrameworksBuildPhase section */
		BB6FD43122932C7000FAF167 /* Frameworks */ = {
			isa = PBXFrameworksBuildPhase;
			buildActionMask = 2147483647;
			files = (
			);
			runOnlyForDeploymentPostprocessing = 0;
		};
/* End PBXFrameworksBuildPhase section */

/* Begin PBXGroup section */
		BB6FD42B22932C7000FAF167 = {
			isa = PBXGroup;
			children = (
				BB6FD43622932C7000FAF167 /* Virtual-Tourist */,
				BB6FD43522932C7000FAF167 /* Products */,
			);
			sourceTree = "<group>";
		};
		BB6FD43522932C7000FAF167 /* Products */ = {
			isa = PBXGroup;
			children = (
				BB6FD43422932C7000FAF167 /* Virtual-Tourist.app */,
			);
			name = Products;
			sourceTree = "<group>";
		};
		BB6FD43622932C7000FAF167 /* Virtual-Tourist */ = {
			isa = PBXGroup;
			children = (
				BB6FD44C2293303A00FAF167 /* Model */,
				BB6FD44D2293304800FAF167 /* View */,
				BB6FD44E2293305E00FAF167 /* Controllers */,
				BB6FD44F2293307F00FAF167 /* Assets */,
				BB6FD44622932C7200FAF167 /* Info.plist */,
			);
			path = "Virtual-Tourist";
			sourceTree = "<group>";
		};
		BB6FD44C2293303A00FAF167 /* Model */ = {
			isa = PBXGroup;
			children = (
				BB6FD452229394F100FAF167 /* CoreData */,
				BB6FD4502293312E00FAF167 /* Constants.swift */,
			);
			path = Model;
			sourceTree = "<group>";
		};
		BB6FD44D2293304800FAF167 /* View */ = {
			isa = PBXGroup;
			children = (
				BB6FD4572293C20E00FAF167 /* PinAnnotation.swift */,
			);
			path = View;
			sourceTree = "<group>";
		};
		BB6FD44E2293305E00FAF167 /* Controllers */ = {
			isa = PBXGroup;
			children = (
				BB6FD43922932C7000FAF167 /* MapViewController.swift */,
				BB6FD45922947CE100FAF167 /* AlbumViewController.swift */,
			);
			path = Controllers;
			sourceTree = "<group>";
		};
		BB6FD44F2293307F00FAF167 /* Assets */ = {
			isa = PBXGroup;
			children = (
				BB6FD43722932C7000FAF167 /* AppDelegate.swift */,
				BB6FD44122932C7200FAF167 /* Assets.xcassets */,
				BB6FD43B22932C7000FAF167 /* Main.storyboard */,
				BB6FD44322932C7200FAF167 /* LaunchScreen.storyboard */,
			);
			path = Assets;
			sourceTree = "<group>";
		};
		BB6FD452229394F100FAF167 /* CoreData */ = {
			isa = PBXGroup;
			children = (
				BB6FD43E22932C7000FAF167 /* Virtual_Tourist.xcdatamodeld */,
				BB6FD45322939EBC00FAF167 /* DataController.swift */,
				BB6FD4552293BD9C00FAF167 /* PinManager.swift */,
			);
			path = CoreData;
			sourceTree = "<group>";
		};
/* End PBXGroup section */

/* Begin PBXNativeTarget section */
		BB6FD43322932C7000FAF167 /* Virtual-Tourist */ = {
			isa = PBXNativeTarget;
			buildConfigurationList = BB6FD44922932C7200FAF167 /* Build configuration list for PBXNativeTarget "Virtual-Tourist" */;
			buildPhases = (
				BB6FD43022932C7000FAF167 /* Sources */,
				BB6FD43122932C7000FAF167 /* Frameworks */,
				BB6FD43222932C7000FAF167 /* Resources */,
			);
			buildRules = (
			);
			dependencies = (
			);
			name = "Virtual-Tourist";
			productName = "Virtual-Tourist";
			productReference = BB6FD43422932C7000FAF167 /* Virtual-Tourist.app */;
			productType = "com.apple.product-type.application";
		};
/* End PBXNativeTarget section */

/* Begin PBXProject section */
		BB6FD42C22932C7000FAF167 /* Project object */ = {
			isa = PBXProject;
			attributes = {
				LastSwiftUpdateCheck = 1020;
				LastUpgradeCheck = 1020;
				ORGANIZATIONNAME = Yazeedo;
				TargetAttributes = {
					BB6FD43322932C7000FAF167 = {
						CreatedOnToolsVersion = 10.2.1;
					};
				};
			};
			buildConfigurationList = BB6FD42F22932C7000FAF167 /* Build configuration list for PBXProject "Virtual-Tourist" */;
			compatibilityVersion = "Xcode 9.3";
			developmentRegion = en;
			hasScannedForEncodings = 0;
			knownRegions = (
				en,
				Base,
			);
			mainGroup = BB6FD42B22932C7000FAF167;
			productRefGroup = BB6FD43522932C7000FAF167 /* Products */;
			projectDirPath = "";
			projectRoot = "";
			targets = (
				BB6FD43322932C7000FAF167 /* Virtual-Tourist */,
			);
		};
/* End PBXProject section */

/* Begin PBXResourcesBuildPhase section */
		BB6FD43222932C7000FAF167 /* Resources */ = {
			isa = PBXResourcesBuildPhase;
			buildActionMask = 2147483647;
			files = (
				BB6FD44522932C7200FAF167 /* LaunchScreen.storyboard in Resources */,
				BB6FD44222932C7200FAF167 /* Assets.xcassets in Resources */,
				BB6FD43D22932C7000FAF167 /* Main.storyboard in Resources */,
			);
			runOnlyForDeploymentPostprocessing = 0;
		};
/* End PBXResourcesBuildPhase section */

/* Begin PBXSourcesBuildPhase section */
		BB6FD43022932C7000FAF167 /* Sources */ = {
			isa = PBXSourcesBuildPhase;
			buildActionMask = 2147483647;
			files = (
				BB6FD45422939EBC00FAF167 /* DataController.swift in Sources */,
				BB6FD43A22932C7000FAF167 /* MapViewController.swift in Sources */,
				BB6FD44022932C7000FAF167 /* Virtual_Tourist.xcdatamodeld in Sources */,
				BB6FD4562293BD9C00FAF167 /* PinManager.swift in Sources */,
				BB6FD45A22947CE100FAF167 /* AlbumViewController.swift in Sources */,
				BB6FD43822932C7000FAF167 /* AppDelegate.swift in Sources */,
				BB6FD4512293312E00FAF167 /* Constants.swift in Sources */,
				BB6FD4582293C20E00FAF167 /* PinAnnotation.swift in Sources */,
			);
			runOnlyForDeploymentPostprocessing = 0;
		};
/* End PBXSourcesBuildPhase section */

/* Begin PBXVariantGroup section */
		BB6FD43B22932C7000FAF167 /* Main.storyboard */ = {
			isa = PBXVariantGroup;
			children = (
				BB6FD43C22932C7000FAF167 /* Base */,
			);
			name = Main.storyboard;
			sourceTree = "<group>";
		};
		BB6FD44322932C7200FAF167 /* LaunchScreen.storyboard */ = {
			isa = PBXVariantGroup;
			children = (
				BB6FD44422932C7200FAF167 /* Base */,
			);
			name = LaunchScreen.storyboard;
			sourceTree = "<group>";
		};
/* End PBXVariantGroup section */

/* Begin XCBuildConfiguration section */
		BB6FD44722932C7200FAF167 /* Debug */ = {
			isa = XCBuildConfiguration;
			buildSettings = {
				ALWAYS_SEARCH_USER_PATHS = NO;
				CLANG_ANALYZER_NONNULL = YES;
				CLANG_ANALYZER_NUMBER_OBJECT_CONVERSION = YES_AGGRESSIVE;
				CLANG_CXX_LANGUAGE_STANDARD = "gnu++14";
				CLANG_CXX_LIBRARY = "libc++";
				CLANG_ENABLE_MODULES = YES;
				CLANG_ENABLE_OBJC_ARC = YES;
				CLANG_ENABLE_OBJC_WEAK = YES;
				CLANG_WARN_BLOCK_CAPTURE_AUTORELEASING = YES;
				CLANG_WARN_BOOL_CONVERSION = YES;
				CLANG_WARN_COMMA = YES;
				CLANG_WARN_CONSTANT_CONVERSION = YES;
				CLANG_WARN_DEPRECATED_OBJC_IMPLEMENTATIONS = YES;
				CLANG_WARN_DIRECT_OBJC_ISA_USAGE = YES_ERROR;
				CLANG_WARN_DOCUMENTATION_COMMENTS = YES;
				CLANG_WARN_EMPTY_BODY = YES;
				CLANG_WARN_ENUM_CONVERSION = YES;
				CLANG_WARN_INFINITE_RECURSION = YES;
				CLANG_WARN_INT_CONVERSION = YES;
				CLANG_WARN_NON_LITERAL_NULL_CONVERSION = YES;
				CLANG_WARN_OBJC_IMPLICIT_RETAIN_SELF = YES;
				CLANG_WARN_OBJC_LITERAL_CONVERSION = YES;
				CLANG_WARN_OBJC_ROOT_CLASS = YES_ERROR;
				CLANG_WARN_RANGE_LOOP_ANALYSIS = YES;
				CLANG_WARN_STRICT_PROTOTYPES = YES;
				CLANG_WARN_SUSPICIOUS_MOVE = YES;
				CLANG_WARN_UNGUARDED_AVAILABILITY = YES_AGGRESSIVE;
				CLANG_WARN_UNREACHABLE_CODE = YES;
				CLANG_WARN__DUPLICATE_METHOD_MATCH = YES;
				CODE_SIGN_IDENTITY = "iPhone Developer";
				COPY_PHASE_STRIP = NO;
				DEBUG_INFORMATION_FORMAT = dwarf;
				ENABLE_STRICT_OBJC_MSGSEND = YES;
				ENABLE_TESTABILITY = YES;
				GCC_C_LANGUAGE_STANDARD = gnu11;
				GCC_DYNAMIC_NO_PIC = NO;
				GCC_NO_COMMON_BLOCKS = YES;
				GCC_OPTIMIZATION_LEVEL = 0;
				GCC_PREPROCESSOR_DEFINITIONS = (
					"DEBUG=1",
					"$(inherited)",
				);
				GCC_WARN_64_TO_32_BIT_CONVERSION = YES;
				GCC_WARN_ABOUT_RETURN_TYPE = YES_ERROR;
				GCC_WARN_UNDECLARED_SELECTOR = YES;
				GCC_WARN_UNINITIALIZED_AUTOS = YES_AGGRESSIVE;
				GCC_WARN_UNUSED_FUNCTION = YES;
				GCC_WARN_UNUSED_VARIABLE = YES;
				IPHONEOS_DEPLOYMENT_TARGET = 12.2;
				MTL_ENABLE_DEBUG_INFO = INCLUDE_SOURCE;
				MTL_FAST_MATH = YES;
				ONLY_ACTIVE_ARCH = YES;
				SDKROOT = iphoneos;
				SWIFT_ACTIVE_COMPILATION_CONDITIONS = DEBUG;
				SWIFT_OPTIMIZATION_LEVEL = "-Onone";
			};
			name = Debug;
		};
		BB6FD44822932C7200FAF167 /* Release */ = {
			isa = XCBuildConfiguration;
			buildSettings = {
				ALWAYS_SEARCH_USER_PATHS = NO;
				CLANG_ANALYZER_NONNULL = YES;
				CLANG_ANALYZER_NUMBER_OBJECT_CONVERSION = YES_AGGRESSIVE;
				CLANG_CXX_LANGUAGE_STANDARD = "gnu++14";
				CLANG_CXX_LIBRARY = "libc++";
				CLANG_ENABLE_MODULES = YES;
				CLANG_ENABLE_OBJC_ARC = YES;
				CLANG_ENABLE_OBJC_WEAK = YES;
				CLANG_WARN_BLOCK_CAPTURE_AUTORELEASING = YES;
				CLANG_WARN_BOOL_CONVERSION = YES;
				CLANG_WARN_COMMA = YES;
				CLANG_WARN_CONSTANT_CONVERSION = YES;
				CLANG_WARN_DEPRECATED_OBJC_IMPLEMENTATIONS = YES;
				CLANG_WARN_DIRECT_OBJC_ISA_USAGE = YES_ERROR;
				CLANG_WARN_DOCUMENTATION_COMMENTS = YES;
				CLANG_WARN_EMPTY_BODY = YES;
				CLANG_WARN_ENUM_CONVERSION = YES;
				CLANG_WARN_INFINITE_RECURSION = YES;
				CLANG_WARN_INT_CONVERSION = YES;
				CLANG_WARN_NON_LITERAL_NULL_CONVERSION = YES;
				CLANG_WARN_OBJC_IMPLICIT_RETAIN_SELF = YES;
				CLANG_WARN_OBJC_LITERAL_CONVERSION = YES;
				CLANG_WARN_OBJC_ROOT_CLASS = YES_ERROR;
				CLANG_WARN_RANGE_LOOP_ANALYSIS = YES;
				CLANG_WARN_STRICT_PROTOTYPES = YES;
				CLANG_WARN_SUSPICIOUS_MOVE = YES;
				CLANG_WARN_UNGUARDED_AVAILABILITY = YES_AGGRESSIVE;
				CLANG_WARN_UNREACHABLE_CODE = YES;
				CLANG_WARN__DUPLICATE_METHOD_MATCH = YES;
				CODE_SIGN_IDENTITY = "iPhone Developer";
				COPY_PHASE_STRIP = NO;
				DEBUG_INFORMATION_FORMAT = "dwarf-with-dsym";
				ENABLE_NS_ASSERTIONS = NO;
				ENABLE_STRICT_OBJC_MSGSEND = YES;
				GCC_C_LANGUAGE_STANDARD = gnu11;
				GCC_NO_COMMON_BLOCKS = YES;
				GCC_WARN_64_TO_32_BIT_CONVERSION = YES;
				GCC_WARN_ABOUT_RETURN_TYPE = YES_ERROR;
				GCC_WARN_UNDECLARED_SELECTOR = YES;
				GCC_WARN_UNINITIALIZED_AUTOS = YES_AGGRESSIVE;
				GCC_WARN_UNUSED_FUNCTION = YES;
				GCC_WARN_UNUSED_VARIABLE = YES;
				IPHONEOS_DEPLOYMENT_TARGET = 12.2;
				MTL_ENABLE_DEBUG_INFO = NO;
				MTL_FAST_MATH = YES;
				SDKROOT = iphoneos;
				SWIFT_COMPILATION_MODE = wholemodule;
				SWIFT_OPTIMIZATION_LEVEL = "-O";
				VALIDATE_PRODUCT = YES;
			};
			name = Release;
		};
		BB6FD44A22932C7200FAF167 /* Debug */ = {
			isa = XCBuildConfiguration;
			buildSettings = {
				ASSETCATALOG_COMPILER_APPICON_NAME = AppIcon;
				CODE_SIGN_STYLE = Automatic;
				DEVELOPMENT_TEAM = MKS49DN993;
				INFOPLIST_FILE = "Virtual-Tourist/Info.plist";
				LD_RUNPATH_SEARCH_PATHS = (
					"$(inherited)",
					"@executable_path/Frameworks",
				);
				PRODUCT_BUNDLE_IDENTIFIER = "v1.Virtual-Tourist";
				PRODUCT_NAME = "$(TARGET_NAME)";
				SWIFT_VERSION = 5.0;
				TARGETED_DEVICE_FAMILY = "1,2";
			};
			name = Debug;
		};
		BB6FD44B22932C7200FAF167 /* Release */ = {
			isa = XCBuildConfiguration;
			buildSettings = {
				ASSETCATALOG_COMPILER_APPICON_NAME = AppIcon;
				CODE_SIGN_STYLE = Automatic;
				DEVELOPMENT_TEAM = MKS49DN993;
				INFOPLIST_FILE = "Virtual-Tourist/Info.plist";
				LD_RUNPATH_SEARCH_PATHS = (
					"$(inherited)",
					"@executable_path/Frameworks",
				);
				PRODUCT_BUNDLE_IDENTIFIER = "v1.Virtual-Tourist";
				PRODUCT_NAME = "$(TARGET_NAME)";
				SWIFT_VERSION = 5.0;
				TARGETED_DEVICE_FAMILY = "1,2";
			};
			name = Release;
		};
/* End XCBuildConfiguration section */

/* Begin XCConfigurationList section */
		BB6FD42F22932C7000FAF167 /* Build configuration list for PBXProject "Virtual-Tourist" */ = {
			isa = XCConfigurationList;
			buildConfigurations = (
				BB6FD44722932C7200FAF167 /* Debug */,
				BB6FD44822932C7200FAF167 /* Release */,
			);
			defaultConfigurationIsVisible = 0;
			defaultConfigurationName = Release;
		};
		BB6FD44922932C7200FAF167 /* Build configuration list for PBXNativeTarget "Virtual-Tourist" */ = {
			isa = XCConfigurationList;
			buildConfigurations = (
				BB6FD44A22932C7200FAF167 /* Debug */,
				BB6FD44B22932C7200FAF167 /* Release */,
			);
			defaultConfigurationIsVisible = 0;
			defaultConfigurationName = Release;
		};
/* End XCConfigurationList section */

/* Begin XCVersionGroup section */
		BB6FD43E22932C7000FAF167 /* Virtual_Tourist.xcdatamodeld */ = {
			isa = XCVersionGroup;
			children = (
				BB6FD43F22932C7000FAF167 /* Virtual_Tourist.xcdatamodel */,
			);
			currentVersion = BB6FD43F22932C7000FAF167 /* Virtual_Tourist.xcdatamodel */;
			path = Virtual_Tourist.xcdatamodeld;
			sourceTree = "<group>";
			versionGroupType = wrapper.xcdatamodel;
		};
/* End XCVersionGroup section */
	};
	rootObject = BB6FD42C22932C7000FAF167 /* Project object */;
}
